# THIS IS AN AUTOGENERATED FILE. DO NOT EDIT THIS FILE DIRECTLY.
# yarn lockfile v1


"@types/body-parser@*":
  version "1.17.0"
  resolved "https://registry.yarnpkg.com/@types/body-parser/-/body-parser-1.17.0.tgz#9f5c9d9bd04bb54be32d5eb9fc0d8c974e6cf58c"
  integrity sha512-a2+YeUjPkztKJu5aIF2yArYFQQp8d51wZ7DavSHjFuY1mqVgidGyzEQ41JIVNy82fXj8yPgy2vJmfIywgESW6w==
  dependencies:
    "@types/connect" "*"
    "@types/node" "*"

"@types/connect@*":
  version "3.4.32"
  resolved "https://registry.yarnpkg.com/@types/connect/-/connect-3.4.32.tgz#aa0e9616b9435ccad02bc52b5b454ffc2c70ba28"
  integrity sha512-4r8qa0quOvh7lGD0pre62CAb1oni1OO6ecJLGCezTmhQ8Fz50Arx9RUszryR8KlgK6avuSXvviL6yWyViQABOg==
  dependencies:
    "@types/node" "*"

"@types/events@*":
  version "1.2.0"
  resolved "https://registry.yarnpkg.com/@types/events/-/events-1.2.0.tgz#81a6731ce4df43619e5c8c945383b3e62a89ea86"
  integrity sha512-KEIlhXnIutzKwRbQkGWb/I4HFqBuUykAdHgDED6xqwXJfONCjF5VoE0cXEiurh3XauygxzeDzgtXUqvLkxFzzA==

"@types/express-serve-static-core@*":
  version "4.16.0"
  resolved "https://registry.yarnpkg.com/@types/express-serve-static-core/-/express-serve-static-core-4.16.0.tgz#fdfe777594ddc1fe8eb8eccce52e261b496e43e7"
  integrity sha512-lTeoCu5NxJU4OD9moCgm0ESZzweAx0YqsAcab6OB0EB3+As1OaHtKnaGJvcngQxYsi9UNv0abn4/DRavrRxt4w==
  dependencies:
    "@types/events" "*"
    "@types/node" "*"
    "@types/range-parser" "*"

"@types/express@*":
  version "4.16.0"
  resolved "https://registry.yarnpkg.com/@types/express/-/express-4.16.0.tgz#6d8bc42ccaa6f35cf29a2b7c3333cb47b5a32a19"
  integrity sha512-TtPEYumsmSTtTetAPXlJVf3kEqb6wZK0bZojpJQrnD/djV4q1oB6QQ8aKvKqwNPACoe02GNiy5zDzcYivR5Z2w==
  dependencies:
    "@types/body-parser" "*"
    "@types/express-serve-static-core" "*"
    "@types/serve-static" "*"

"@types/mime@*":
  version "2.0.0"
  resolved "https://registry.yarnpkg.com/@types/mime/-/mime-2.0.0.tgz#5a7306e367c539b9f6543499de8dd519fac37a8b"
  integrity sha512-A2TAGbTFdBw9azHbpVd+/FkdW2T6msN1uct1O9bH3vTerEHKZhTXJUQXy+hNq1B0RagfU8U+KBdqiZpxjhOUQA==

"@types/node@*":
  version "10.12.18"
  resolved "https://registry.yarnpkg.com/@types/node/-/node-10.12.18.tgz#1d3ca764718915584fcd9f6344621b7672665c67"
  integrity sha512-fh+pAqt4xRzPfqA6eh3Z2y6fyZavRIumvjhaCL753+TVkGKGhpPeyrJG2JftD0T9q4GF00KjefsQ+PQNDdWQaQ==

"@types/passport@^0.4.7":
  version "0.4.7"
  resolved "https://registry.yarnpkg.com/@types/passport/-/passport-0.4.7.tgz#2b7f29bf61df91cf77023b3777e940b613d4b4d8"
  integrity sha512-EePlxNYx5tf3n0yjdPXX0/zDOv0UCwjMyQo4UkWGlhHteNDItAj7TfDdLttSThVMKQz3uCW7lsGzMuml0f8g9Q==
  dependencies:
    "@types/express" "*"

"@types/range-parser@*":
  version "1.2.3"
  resolved "https://registry.yarnpkg.com/@types/range-parser/-/range-parser-1.2.3.tgz#7ee330ba7caafb98090bece86a5ee44115904c2c"
  integrity sha512-ewFXqrQHlFsgc09MK5jP5iR7vumV/BYayNC6PgJO2LPe8vrnNFyjQjSppfEngITi0qvfKtzFvgKymGheFM9UOA==

"@types/serve-static@*":
  version "1.13.2"
  resolved "https://registry.yarnpkg.com/@types/serve-static/-/serve-static-1.13.2.tgz#f5ac4d7a6420a99a6a45af4719f4dcd8cd907a48"
  integrity sha512-/BZ4QRLpH/bNYgZgwhKEh+5AsboDBcUdlBYgzoLX0fpj3Y2gp6EApyOlM3bK53wQS/OE1SrdSYBAbux2D1528Q==
  dependencies:
    "@types/express-serve-static-core" "*"
    "@types/mime" "*"
